
Microsoft Visual Studio Solution File, Format Version 12.00
# Visual Studio Version 16
VisualStudioVersion = 16.0.31112.23
MinimumVisualStudioVersion = 10.0.40219.1
Project("{FAE04EC0-301F-11D3-BF4B-00C04F79EFBC}") = "RentalKendaraan", "RentalKendaraan\RentalKendaraan.csproj", "{98A10071-E6B6-4E71-ACE7-DBC228D3B0E1}"
EndProject
Global
	GlobalSection(SolutionConfigurationPlatforms) = preSolution
		Debug|Any CPU = Debug|Any CPU
		Release|Any CPU = Release|Any CPU
	EndGlobalSection
	GlobalSection(ProjectConfigurationPlatforms) = postSolution
		{98A10071-E6B6-4E71-ACE7-DBC228D3B0E1}.Debug|Any CPU.ActiveCfg = Debug|Any CPU
		{98A10071-E6B6-4E71-ACE7-DBC228D3B0E1}.Debug|Any CPU.Build.0 = Debug|Any CPU
		{98A10071-E6B6-4E71-ACE7-DBC228D3B0E1}.Release|Any CPU.ActiveCfg = Release|Any CPU
		{98A10071-E6B6-4E71-ACE7-DBC228D3B0E1}.Release|Any CPU.Build.0 = Release|Any CPU
	EndGlobalSection
	GlobalSection(SolutionProperties) = preSolution
		HideSolutionNode = FALSE
	EndGlobalSection
	GlobalSection(ExtensibilityGlobals) = postSolution
		SolutionGuid = {5F28DDF6-61AE-478E-AB40-4C395EE1F8FE}
	EndGlobalSection
EndGlobal
