
Microsoft Visual Studio Solution File, Format Version 12.00
# Visual Studio Version 16
VisualStudioVersion = 16.0.31112.23
MinimumVisualStudioVersion = 10.0.40219.1
Project("{FAE04EC0-301F-11D3-BF4B-00C04F79EFBC}") = "RentKendaraan", "RentKendaraan\RentKendaraan.csproj", "{407D6BAB-F5B5-4F47-A043-29A2B23B449D}"
EndProject
Global
	GlobalSection(SolutionConfigurationPlatforms) = preSolution
		Debug|Any CPU = Debug|Any CPU
		Release|Any CPU = Release|Any CPU
	EndGlobalSection
	GlobalSection(ProjectConfigurationPlatforms) = postSolution
		{407D6BAB-F5B5-4F47-A043-29A2B23B449D}.Debug|Any CPU.ActiveCfg = Debug|Any CPU
		{407D6BAB-F5B5-4F47-A043-29A2B23B449D}.Debug|Any CPU.Build.0 = Debug|Any CPU
		{407D6BAB-F5B5-4F47-A043-29A2B23B449D}.Release|Any CPU.ActiveCfg = Release|Any CPU
		{407D6BAB-F5B5-4F47-A043-29A2B23B449D}.Release|Any CPU.Build.0 = Release|Any CPU
	EndGlobalSection
	GlobalSection(SolutionProperties) = preSolution
		HideSolutionNode = FALSE
	EndGlobalSection
	GlobalSection(ExtensibilityGlobals) = postSolution
		SolutionGuid = {9E821C03-AB4E-42D1-81C1-A6231DAFCA66}
	EndGlobalSection
EndGlobal
